{
  "name": "csvtojsonintegrator",
  "version": "1.0.0",
  "lockfileVersion": 2,
  "requires": true,
  "packages": {
    "": {
      "name": "csvtojsonintegrator",
      "version": "1.0.0",
      "license": "ISC",
      "dependencies": {
        "google-libphonenumber": "^3.2.25",
        "lodash": "^4.17.21"
      }
    },
    "node_modules/google-libphonenumber": {
      "version": "3.2.26",
      "resolved": "https://registry.npmjs.org/google-libphonenumber/-/google-libphonenumber-3.2.26.tgz",
      "integrity": "sha512-qyjAKef1oC2vG81RNy1f5Mk9lYE/H3HC885DCOlFs9ca3QfsqEUnXWOTPXTgEtHnTq1x3vpQgtDbX3Vba/o2ow==",
      "engines": {
        "node": ">=0.10"
      }
    },
    "node_modules/lodash": {
      "version": "4.17.21",
      "resolved": "https://registry.npmjs.org/lodash/-/lodash-4.17.21.tgz",
      "integrity": "sha512-v2kDEe57lecTulaDIuNTPy3Ry4gLGJ6Z1O3vE1krgXZNrsQ+LFTGHVxVjcXPs17LhbZVGedAJv8XZ1tvj5FvSg=="
    }
  },
  "dependencies": {
    "google-libphonenumber": {
      "version": "3.2.26",
      "resolved": "https://registry.npmjs.org/google-libphonenumber/-/google-libphonenumber-3.2.26.tgz",
      "integrity": "sha512-qyjAKef1oC2vG81RNy1f5Mk9lYE/H3HC885DCOlFs9ca3QfsqEUnXWOTPXTgEtHnTq1x3vpQgtDbX3Vba/o2ow=="
    },
    "lodash": {
      "version": "4.17.21",
      "resolved": "https://registry.npmjs.org/lodash/-/lodash-4.17.21.tgz",
      "integrity": "sha512-v2kDEe57lecTulaDIuNTPy3Ry4gLGJ6Z1O3vE1krgXZNrsQ+LFTGHVxVjcXPs17LhbZVGedAJv8XZ1tvj5FvSg=="
    }
  }
}
